
Microsoft Visual Studio Solution File, Format Version 12.00
# Visual Studio Version 16
VisualStudioVersion = 16.0.29926.136
MinimumVisualStudioVersion = 10.0.40219.1
Project("{FAE04EC0-301F-11D3-BF4B-00C04F79EFBC}") = "logging system", "logging system\logging system.csproj", "{4AE6534B-E58B-432A-A256-1950E1B7644D}"
EndProject
Global
	GlobalSection(SolutionConfigurationPlatforms) = preSolution
		Debug|Any CPU = Debug|Any CPU
		Release|Any CPU = Release|Any CPU
	EndGlobalSection
	GlobalSection(ProjectConfigurationPlatforms) = postSolution
		{4AE6534B-E58B-432A-A256-1950E1B7644D}.Debug|Any CPU.ActiveCfg = Debug|Any CPU
		{4AE6534B-E58B-432A-A256-1950E1B7644D}.Debug|Any CPU.Build.0 = Debug|Any CPU
		{4AE6534B-E58B-432A-A256-1950E1B7644D}.Release|Any CPU.ActiveCfg = Release|Any CPU
		{4AE6534B-E58B-432A-A256-1950E1B7644D}.Release|Any CPU.Build.0 = Release|Any CPU
	EndGlobalSection
	GlobalSection(SolutionProperties) = preSolution
		HideSolutionNode = FALSE
	EndGlobalSection
	GlobalSection(ExtensibilityGlobals) = postSolution
		SolutionGuid = {AD11111A-0ECB-4EA8-B191-075122F1C807}
	EndGlobalSection
EndGlobal
